PODS:
  - CardIO (3.4.1)
  - PayPalMPL (2.1.2)
  - SVProgressHUD (1.0)
  - TPKeyboardAvoiding (1.2.1)

DEPENDENCIES:
  - CardIO
  - PayPalMPL (from `https://raw.githubusercontent.com/xslim/CustomSpecs/master/PayPalMPL.podspec`)
  - SVProgressHUD
  - TPKeyboardAvoiding

EXTERNAL SOURCES:
  PayPalMPL:
    :podspec: https://raw.githubusercontent.com/xslim/CustomSpecs/master/PayPalMPL.podspec

SPEC CHECKSUMS:
  CardIO: 29a1a907050daacc47774c42174bad55bf338e3b
  PayPalMPL: 2813ffabd6d3f3bc013e5c4897a5e069ee9200e8
  SVProgressHUD: 5034c6e22b8c2ca3e09402e48d41ed0340aa1c50
  TPKeyboardAvoiding: 0099b02d8ec402ce5976bfe9c9293f3bf3e0f707

COCOAPODS: 0.32.1
